
Microsoft Visual Studio Solution File, Format Version 12.00
# Visual Studio Version 18
VisualStudioVersion = 18.5.11716.220 stable
MinimumVisualStudioVersion = 10.0.40219.1
Project("{E24C65DC-7377-472B-9ABA-BC803B73C61A}") = "Cyborg_WebForms", ".", "{9EB9A8CD-CC00-DC58-DD68-5492FAB98340}"
	ProjectSection(WebsiteProperties) = preProject
		TargetFrameworkMoniker = ".NETFramework,Version%3Dv4.7.2"
		Debug.AspNetCompiler.VirtualPath = "/localhost_55769"
		Debug.AspNetCompiler.PhysicalPath = "F:\__KUET CSE22\Assignments\CSE 3100\Cyborg_WebForms\"
		Debug.AspNetCompiler.TargetPath = "PrecompiledWeb\localhost_55769\"
		Debug.AspNetCompiler.Updateable = "true"
		Debug.AspNetCompiler.ForceOverwrite = "true"
		Debug.AspNetCompiler.FixedNames = "false"
		Debug.AspNetCompiler.Debug = "True"
		Release.AspNetCompiler.VirtualPath = "/localhost_55769"
		Release.AspNetCompiler.PhysicalPath = "F:\__KUET CSE22\Assignments\CSE 3100\Cyborg_WebForms\"
		Release.AspNetCompiler.TargetPath = "PrecompiledWeb\localhost_55769\"
		Release.AspNetCompiler.Updateable = "true"
		Release.AspNetCompiler.ForceOverwrite = "true"
		Release.AspNetCompiler.FixedNames = "false"
		Release.AspNetCompiler.Debug = "False"
		VWDPort = "55769"
	EndProjectSection
EndProject
Global
	GlobalSection(SolutionConfigurationPlatforms) = preSolution
		Debug|Any CPU = Debug|Any CPU
	EndGlobalSection
	GlobalSection(ProjectConfigurationPlatforms) = postSolution
		{9EB9A8CD-CC00-DC58-DD68-5492FAB98340}.Debug|Any CPU.ActiveCfg = Debug|Any CPU
		{9EB9A8CD-CC00-DC58-DD68-5492FAB98340}.Debug|Any CPU.Build.0 = Debug|Any CPU
	EndGlobalSection
	GlobalSection(SolutionProperties) = preSolution
		HideSolutionNode = FALSE
	EndGlobalSection
	GlobalSection(ExtensibilityGlobals) = postSolution
		SolutionGuid = {91442B76-F2A5-4D98-BC84-98D3C012C128}
	EndGlobalSection
EndGlobal
